
Microsoft Visual Studio Solution File, Format Version 12.00
# Visual Studio Version 16
VisualStudioVersion = 16.0.31129.286
MinimumVisualStudioVersion = 10.0.40219.1
Project("{FAE04EC0-301F-11D3-BF4B-00C04F79EFBC}") = "EjemploMedico", "EjemploMedico.csproj", "{B77BF10C-09EF-4FF9-A62D-E496C0F40D19}"
EndProject
Global
	GlobalSection(SolutionConfigurationPlatforms) = preSolution
		Debug|Any CPU = Debug|Any CPU
		Release|Any CPU = Release|Any CPU
	EndGlobalSection
	GlobalSection(ProjectConfigurationPlatforms) = postSolution
		{B77BF10C-09EF-4FF9-A62D-E496C0F40D19}.Debug|Any CPU.ActiveCfg = Debug|Any CPU
		{B77BF10C-09EF-4FF9-A62D-E496C0F40D19}.Debug|Any CPU.Build.0 = Debug|Any CPU
		{B77BF10C-09EF-4FF9-A62D-E496C0F40D19}.Release|Any CPU.ActiveCfg = Release|Any CPU
		{B77BF10C-09EF-4FF9-A62D-E496C0F40D19}.Release|Any CPU.Build.0 = Release|Any CPU
	EndGlobalSection
	GlobalSection(SolutionProperties) = preSolution
		HideSolutionNode = FALSE
	EndGlobalSection
	GlobalSection(ExtensibilityGlobals) = postSolution
		SolutionGuid = {06F53C86-8E3F-466D-8B1B-398782479CCB}
	EndGlobalSection
EndGlobal
